
Microsoft Visual Studio Solution File, Format Version 12.00
# Visual Studio Version 16
VisualStudioVersion = 16.0.29020.237
MinimumVisualStudioVersion = 10.0.40219.1
Project("{FAE04EC0-301F-11D3-BF4B-00C04F79EFBC}") = "listaDeCores", "listaDeCores\listaDeCores.csproj", "{55B294CE-FA76-43E2-8426-81B6B4B8DA72}"
EndProject
Global
	GlobalSection(SolutionConfigurationPlatforms) = preSolution
		Debug|Any CPU = Debug|Any CPU
		Release|Any CPU = Release|Any CPU
	EndGlobalSection
	GlobalSection(ProjectConfigurationPlatforms) = postSolution
		{55B294CE-FA76-43E2-8426-81B6B4B8DA72}.Debug|Any CPU.ActiveCfg = Debug|Any CPU
		{55B294CE-FA76-43E2-8426-81B6B4B8DA72}.Debug|Any CPU.Build.0 = Debug|Any CPU
		{55B294CE-FA76-43E2-8426-81B6B4B8DA72}.Release|Any CPU.ActiveCfg = Release|Any CPU
		{55B294CE-FA76-43E2-8426-81B6B4B8DA72}.Release|Any CPU.Build.0 = Release|Any CPU
	EndGlobalSection
	GlobalSection(SolutionProperties) = preSolution
		HideSolutionNode = FALSE
	EndGlobalSection
	GlobalSection(ExtensibilityGlobals) = postSolution
		SolutionGuid = {397E979D-FEC8-4238-BD23-8EB77EC09F83}
	EndGlobalSection
EndGlobal
